{
  "requires": true,
  "lockfileVersion": 1,
  "dependencies": {
    "@jaames/iro": {
      "version": "4.5.3",
      "resolved": "https://registry.npmjs.org/@jaames/iro/-/iro-4.5.3.tgz",
      "integrity": "sha512-knBqezLEprrpHCb9hHZbQLApzCZyI/AuWg3mqQVkgTtQX3MNX3W2uVkX1hFwS6pmEUHbA022rid9fRqV0IshMA=="
    }
  }
}
